
Microsoft Visual Studio Solution File, Format Version 12.00
# Visual Studio Version 16
VisualStudioVersion = 16.0.30907.101
MinimumVisualStudioVersion = 10.0.40219.1
Project("{FAE04EC0-301F-11D3-BF4B-00C04F79EFBC}") = "MessageSender.Function", "MessageSender.Function\MessageSender.Function.csproj", "{9F8685E7-8601-454B-A18F-858E79988B4C}"
EndProject
Global
	GlobalSection(SolutionConfigurationPlatforms) = preSolution
		Debug|Any CPU = Debug|Any CPU
		Release|Any CPU = Release|Any CPU
	EndGlobalSection
	GlobalSection(ProjectConfigurationPlatforms) = postSolution
		{9F8685E7-8601-454B-A18F-858E79988B4C}.Debug|Any CPU.ActiveCfg = Debug|Any CPU
		{9F8685E7-8601-454B-A18F-858E79988B4C}.Debug|Any CPU.Build.0 = Debug|Any CPU
		{9F8685E7-8601-454B-A18F-858E79988B4C}.Release|Any CPU.ActiveCfg = Release|Any CPU
		{9F8685E7-8601-454B-A18F-858E79988B4C}.Release|Any CPU.Build.0 = Release|Any CPU
	EndGlobalSection
	GlobalSection(SolutionProperties) = preSolution
		HideSolutionNode = FALSE
	EndGlobalSection
	GlobalSection(ExtensibilityGlobals) = postSolution
		SolutionGuid = {896EA645-AB04-404E-BFCF-10805289BC2E}
	EndGlobalSection
EndGlobal
